
Microsoft Visual Studio Solution File, Format Version 12.00
# Visual Studio Version 17
VisualStudioVersion = 17.10.35013.160
MinimumVisualStudioVersion = 10.0.40219.1
Project("{9A19103F-16F7-4668-BE54-9A1E7A4F7556}") = "TCPClient", "TCPClient\TCPClient.csproj", "{C643D388-DD75-4313-B806-85655C5D9AC8}"
EndProject
Project("{FAE04EC0-301F-11D3-BF4B-00C04F79EFBC}") = "TCPClient.Generator", "TCPClient.Generator\TCPClient.Generator.csproj", "{619E764C-7555-4633-9C12-F48193930800}"
EndProject
Project("{FAE04EC0-301F-11D3-BF4B-00C04F79EFBC}") = "TCPClient.EventPublisher", "TCPClient.EventPublisher\TCPClient.EventPublisher.csproj", "{A1ACB1DA-4907-4332-9D0A-4814AA86523F}"
EndProject
Global
	GlobalSection(SolutionConfigurationPlatforms) = preSolution
		Debug|Any CPU = Debug|Any CPU
		Release|Any CPU = Release|Any CPU
	EndGlobalSection
	GlobalSection(ProjectConfigurationPlatforms) = postSolution
		{C643D388-DD75-4313-B806-85655C5D9AC8}.Debug|Any CPU.ActiveCfg = Debug|Any CPU
		{C643D388-DD75-4313-B806-85655C5D9AC8}.Debug|Any CPU.Build.0 = Debug|Any CPU
		{C643D388-DD75-4313-B806-85655C5D9AC8}.Release|Any CPU.ActiveCfg = Release|Any CPU
		{C643D388-DD75-4313-B806-85655C5D9AC8}.Release|Any CPU.Build.0 = Release|Any CPU
		{619E764C-7555-4633-9C12-F48193930800}.Debug|Any CPU.ActiveCfg = Debug|Any CPU
		{619E764C-7555-4633-9C12-F48193930800}.Debug|Any CPU.Build.0 = Debug|Any CPU
		{619E764C-7555-4633-9C12-F48193930800}.Release|Any CPU.ActiveCfg = Release|Any CPU
		{619E764C-7555-4633-9C12-F48193930800}.Release|Any CPU.Build.0 = Release|Any CPU
		{A1ACB1DA-4907-4332-9D0A-4814AA86523F}.Debug|Any CPU.ActiveCfg = Debug|Any CPU
		{A1ACB1DA-4907-4332-9D0A-4814AA86523F}.Debug|Any CPU.Build.0 = Debug|Any CPU
		{A1ACB1DA-4907-4332-9D0A-4814AA86523F}.Release|Any CPU.ActiveCfg = Release|Any CPU
		{A1ACB1DA-4907-4332-9D0A-4814AA86523F}.Release|Any CPU.Build.0 = Release|Any CPU
	EndGlobalSection
	GlobalSection(SolutionProperties) = preSolution
		HideSolutionNode = FALSE
	EndGlobalSection
	GlobalSection(ExtensibilityGlobals) = postSolution
		SolutionGuid = {E0918D9A-6158-4A17-A664-4E95E400FFDF}
	EndGlobalSection
EndGlobal
